
Microsoft Visual Studio Solution File, Format Version 12.00
# Visual Studio Version 17
VisualStudioVersion = 17.10.35027.167
MinimumVisualStudioVersion = 10.0.40219.1
Project("{FAE04EC0-301F-11D3-BF4B-00C04F79EFBC}") = "MauiAppShowdoMilhao", "MauiAppShowdoMilhao\MauiAppShowdoMilhao.csproj", "{812A0C74-39DE-4F12-9CA0-F9135D6F5AAD}"
EndProject
Global
	GlobalSection(SolutionConfigurationPlatforms) = preSolution
		Debug|Any CPU = Debug|Any CPU
		Release|Any CPU = Release|Any CPU
	EndGlobalSection
	GlobalSection(ProjectConfigurationPlatforms) = postSolution
		{812A0C74-39DE-4F12-9CA0-F9135D6F5AAD}.Debug|Any CPU.ActiveCfg = Debug|Any CPU
		{812A0C74-39DE-4F12-9CA0-F9135D6F5AAD}.Debug|Any CPU.Build.0 = Debug|Any CPU
		{812A0C74-39DE-4F12-9CA0-F9135D6F5AAD}.Debug|Any CPU.Deploy.0 = Debug|Any CPU
		{812A0C74-39DE-4F12-9CA0-F9135D6F5AAD}.Release|Any CPU.ActiveCfg = Release|Any CPU
		{812A0C74-39DE-4F12-9CA0-F9135D6F5AAD}.Release|Any CPU.Build.0 = Release|Any CPU
		{812A0C74-39DE-4F12-9CA0-F9135D6F5AAD}.Release|Any CPU.Deploy.0 = Release|Any CPU
	EndGlobalSection
	GlobalSection(SolutionProperties) = preSolution
		HideSolutionNode = FALSE
	EndGlobalSection
	GlobalSection(ExtensibilityGlobals) = postSolution
		SolutionGuid = {A964553A-8ADD-4582-A70D-F395C6FBBA8E}
	EndGlobalSection
EndGlobal
